// !$*UTF8*$!
{
	archiveVersion = 1;
	classes = {
	};
	objectVersion = 50;
	objects = {

/* Begin PBXBuildFile section */
		620F247F2531E5C20033663D /* persignup1VC.swift in Sources */ = {isa = PBXBuildFile; fileRef = 620F247E2531E5C20033663D /* persignup1VC.swift */; };
		620F24822531E6BD0033663D /* docsignupVC1.swift in Sources */ = {isa = PBXBuildFile; fileRef = 620F24812531E6BD0033663D /* docsignupVC1.swift */; };
		62181D472531592E0088E027 /* signup1VC.swift in Sources */ = {isa = PBXBuildFile; fileRef = 62181D462531592E0088E027 /* signup1VC.swift */; };
		62551C42253064F9009C150A /* AppDelegate.swift in Sources */ = {isa = PBXBuildFile; fileRef = 62551C41253064F9009C150A /* AppDelegate.swift */; };
		62551C44253064F9009C150A /* SceneDelegate.swift in Sources */ = {isa = PBXBuildFile; fileRef = 62551C43253064F9009C150A /* SceneDelegate.swift */; };
		62551C46253064F9009C150A /* loginVC.swift in Sources */ = {isa = PBXBuildFile; fileRef = 62551C45253064F9009C150A /* loginVC.swift */; };
		62551C49253064F9009C150A /* Main.storyboard in Resources */ = {isa = PBXBuildFile; fileRef = 62551C47253064F9009C150A /* Main.storyboard */; };
		62551C4C253064F9009C150A /* binari.xcdatamodeld in Sources */ = {isa = PBXBuildFile; fileRef = 62551C4A253064F9009C150A /* binari.xcdatamodeld */; };
		62551C4E253064FB009C150A /* Assets.xcassets in Resources */ = {isa = PBXBuildFile; fileRef = 62551C4D253064FB009C150A /* Assets.xcassets */; };
		62551C51253064FB009C150A /* LaunchScreen.storyboard in Resources */ = {isa = PBXBuildFile; fileRef = 62551C4F253064FB009C150A /* LaunchScreen.storyboard */; };
/* End PBXBuildFile section */

/* Begin PBXFileReference section */
		620F247E2531E5C20033663D /* persignup1VC.swift */ = {isa = PBXFileReference; lastKnownFileType = sourcecode.swift; path = persignup1VC.swift; sourceTree = "<group>"; };
		620F24812531E6BD0033663D /* docsignupVC1.swift */ = {isa = PBXFileReference; lastKnownFileType = sourcecode.swift; path = docsignupVC1.swift; sourceTree = "<group>"; };
		62181D462531592E0088E027 /* signup1VC.swift */ = {isa = PBXFileReference; lastKnownFileType = sourcecode.swift; path = signup1VC.swift; sourceTree = "<group>"; };
		62551C3E253064F9009C150A /* binari.app */ = {isa = PBXFileReference; explicitFileType = wrapper.application; includeInIndex = 0; path = binari.app; sourceTree = BUILT_PRODUCTS_DIR; };
		62551C41253064F9009C150A /* AppDelegate.swift */ = {isa = PBXFileReference; lastKnownFileType = sourcecode.swift; path = AppDelegate.swift; sourceTree = "<group>"; };
		62551C43253064F9009C150A /* SceneDelegate.swift */ = {isa = PBXFileReference; lastKnownFileType = sourcecode.swift; path = SceneDelegate.swift; sourceTree = "<group>"; };
		62551C45253064F9009C150A /* loginVC.swift */ = {isa = PBXFileReference; lastKnownFileType = sourcecode.swift; path = loginVC.swift; sourceTree = "<group>"; };
		62551C48253064F9009C150A /* Base */ = {isa = PBXFileReference; lastKnownFileType = file.storyboard; name = Base; path = Base.lproj/Main.storyboard; sourceTree = "<group>"; };
		62551C4B253064F9009C150A /* binari.xcdatamodel */ = {isa = PBXFileReference; lastKnownFileType = wrapper.xcdatamodel; path = binari.xcdatamodel; sourceTree = "<group>"; };
		62551C4D253064FB009C150A /* Assets.xcassets */ = {isa = PBXFileReference; lastKnownFileType = folder.assetcatalog; path = Assets.xcassets; sourceTree = "<group>"; };
		62551C50253064FB009C150A /* Base */ = {isa = PBXFileReference; lastKnownFileType = file.storyboard; name = Base; path = Base.lproj/LaunchScreen.storyboard; sourceTree = "<group>"; };
		62551C52253064FB009C150A /* Info.plist */ = {isa = PBXFileReference; lastKnownFileType = text.plist.xml; path = Info.plist; sourceTree = "<group>"; };
/* End PBXFileReference section */

/* Begin PBXFrameworksBuildPhase section */
		62551C3B253064F9009C150A /* Frameworks */ = {
			isa = PBXFrameworksBuildPhase;
			buildActionMask = 2147483647;
			files = (
			);
			runOnlyForDeploymentPostprocessing = 0;
		};
/* End PBXFrameworksBuildPhase section */

/* Begin PBXGroup section */
		62181D492531594E0088E027 /* Controllers */ = {
			isa = PBXGroup;
			children = (
				62551C45253064F9009C150A /* loginVC.swift */,
				62181D462531592E0088E027 /* signup1VC.swift */,
				620F247E2531E5C20033663D /* persignup1VC.swift */,
				620F24812531E6BD0033663D /* docsignupVC1.swift */,
			);
			path = Controllers;
			sourceTree = "<group>";
		};
		62551C35253064F9009C150A = {
			isa = PBXGroup;
			children = (
				62551C40253064F9009C150A /* binari */,
				62551C3F253064F9009C150A /* Products */,
			);
			sourceTree = "<group>";
		};
		62551C3F253064F9009C150A /* Products */ = {
			isa = PBXGroup;
			children = (
				62551C3E253064F9009C150A /* binari.app */,
			);
			name = Products;
			sourceTree = "<group>";
		};
		62551C40253064F9009C150A /* binari */ = {
			isa = PBXGroup;
			children = (
				62181D492531594E0088E027 /* Controllers */,
				62551C41253064F9009C150A /* AppDelegate.swift */,
				62551C43253064F9009C150A /* SceneDelegate.swift */,
				62551C47253064F9009C150A /* Main.storyboard */,
				62551C4D253064FB009C150A /* Assets.xcassets */,
				62551C4F253064FB009C150A /* LaunchScreen.storyboard */,
				62551C52253064FB009C150A /* Info.plist */,
				62551C4A253064F9009C150A /* binari.xcdatamodeld */,
			);
			path = binari;
			sourceTree = "<group>";
		};
/* End PBXGroup section */

/* Begin PBXNativeTarget section */
		62551C3D253064F9009C150A /* binari */ = {
			isa = PBXNativeTarget;
			buildConfigurationList = 62551C55253064FB009C150A /* Build configuration list for PBXNativeTarget "binari" */;
			buildPhases = (
				62551C3A253064F9009C150A /* Sources */,
				62551C3B253064F9009C150A /* Frameworks */,
				62551C3C253064F9009C150A /* Resources */,
			);
			buildRules = (
			);
			dependencies = (
			);
			name = binari;
			productName = binari;
			productReference = 62551C3E253064F9009C150A /* binari.app */;
			productType = "com.apple.product-type.application";
		};
/* End PBXNativeTarget section */

/* Begin PBXProject section */
		62551C36253064F9009C150A /* Project object */ = {
			isa = PBXProject;
			attributes = {
				LastSwiftUpdateCheck = 1200;
				LastUpgradeCheck = 1200;
				TargetAttributes = {
					62551C3D253064F9009C150A = {
						CreatedOnToolsVersion = 12.0.1;
					};
				};
			};
			buildConfigurationList = 62551C39253064F9009C150A /* Build configuration list for PBXProject "binari" */;
			compatibilityVersion = "Xcode 9.3";
			developmentRegion = en;
			hasScannedForEncodings = 0;
			knownRegions = (
				en,
				Base,
			);
			mainGroup = 62551C35253064F9009C150A;
			productRefGroup = 62551C3F253064F9009C150A /* Products */;
			projectDirPath = "";
			projectRoot = "";
			targets = (
				62551C3D253064F9009C150A /* binari */,
			);
		};
/* End PBXProject section */

/* Begin PBXResourcesBuildPhase section */
		62551C3C253064F9009C150A /* Resources */ = {
			isa = PBXResourcesBuildPhase;
			buildActionMask = 2147483647;
			files = (
				62551C51253064FB009C150A /* LaunchScreen.storyboard in Resources */,
				62551C4E253064FB009C150A /* Assets.xcassets in Resources */,
				62551C49253064F9009C150A /* Main.storyboard in Resources */,
			);
			runOnlyForDeploymentPostprocessing = 0;
		};
/* End PBXResourcesBuildPhase section */

/* Begin PBXSourcesBuildPhase section */
		62551C3A253064F9009C150A /* Sources */ = {
			isa = PBXSourcesBuildPhase;
			buildActionMask = 2147483647;
			files = (
				62551C4C253064F9009C150A /* binari.xcdatamodeld in Sources */,
				62551C46253064F9009C150A /* loginVC.swift in Sources */,
				62181D472531592E0088E027 /* signup1VC.swift in Sources */,
				62551C42253064F9009C150A /* AppDelegate.swift in Sources */,
				62551C44253064F9009C150A /* SceneDelegate.swift in Sources */,
				620F24822531E6BD0033663D /* docsignupVC1.swift in Sources */,
				620F247F2531E5C20033663D /* persignup1VC.swift in Sources */,
			);
			runOnlyForDeploymentPostprocessing = 0;
		};
/* End PBXSourcesBuildPhase section */

/* Begin PBXVariantGroup section */
		62551C47253064F9009C150A /* Main.storyboard */ = {
			isa = PBXVariantGroup;
			children = (
				62551C48253064F9009C150A /* Base */,
			);
			name = Main.storyboard;
			sourceTree = "<group>";
		};
		62551C4F253064FB009C150A /* LaunchScreen.storyboard */ = {
			isa = PBXVariantGroup;
			children = (
				62551C50253064FB009C150A /* Base */,
			);
			name = LaunchScreen.storyboard;
			sourceTree = "<group>";
		};
/* End PBXVariantGroup section */

/* Begin XCBuildConfiguration section */
		62551C53253064FB009C150A /* Debug */ = {
			isa = XCBuildConfiguration;
			buildSettings = {
				ALWAYS_SEARCH_USER_PATHS = NO;
				CLANG_ANALYZER_NONNULL = YES;
				CLANG_ANALYZER_NUMBER_OBJECT_CONVERSION = YES_AGGRESSIVE;
				CLANG_CXX_LANGUAGE_STANDARD = "gnu++14";
				CLANG_CXX_LIBRARY = "libc++";
				CLANG_ENABLE_MODULES = YES;
				CLANG_ENABLE_OBJC_ARC = YES;
				CLANG_ENABLE_OBJC_WEAK = YES;
				CLANG_WARN_BLOCK_CAPTURE_AUTORELEASING = YES;
				CLANG_WARN_BOOL_CONVERSION = YES;
				CLANG_WARN_COMMA = YES;
				CLANG_WARN_CONSTANT_CONVERSION = YES;
				CLANG_WARN_DEPRECATED_OBJC_IMPLEMENTATIONS = YES;
				CLANG_WARN_DIRECT_OBJC_ISA_USAGE = YES_ERROR;
				CLANG_WARN_DOCUMENTATION_COMMENTS = YES;
				CLANG_WARN_EMPTY_BODY = YES;
				CLANG_WARN_ENUM_CONVERSION = YES;
				CLANG_WARN_INFINITE_RECURSION = YES;
				CLANG_WARN_INT_CONVERSION = YES;
				CLANG_WARN_NON_LITERAL_NULL_CONVERSION = YES;
				CLANG_WARN_OBJC_IMPLICIT_RETAIN_SELF = YES;
				CLANG_WARN_OBJC_LITERAL_CONVERSION = YES;
				CLANG_WARN_OBJC_ROOT_CLASS = YES_ERROR;
				CLANG_WARN_QUOTED_INCLUDE_IN_FRAMEWORK_HEADER = YES;
				CLANG_WARN_RANGE_LOOP_ANALYSIS = YES;
				CLANG_WARN_STRICT_PROTOTYPES = YES;
				CLANG_WARN_SUSPICIOUS_MOVE = YES;
				CLANG_WARN_UNGUARDED_AVAILABILITY = YES_AGGRESSIVE;
				CLANG_WARN_UNREACHABLE_CODE = YES;
				CLANG_WARN__DUPLICATE_METHOD_MATCH = YES;
				COPY_PHASE_STRIP = NO;
				DEBUG_INFORMATION_FORMAT = dwarf;
				ENABLE_STRICT_OBJC_MSGSEND = YES;
				ENABLE_TESTABILITY = YES;
				GCC_C_LANGUAGE_STANDARD = gnu11;
				GCC_DYNAMIC_NO_PIC = NO;
				GCC_NO_COMMON_BLOCKS = YES;
				GCC_OPTIMIZATION_LEVEL = 0;
				GCC_PREPROCESSOR_DEFINITIONS = (
					"DEBUG=1",
					"$(inherited)",
				);
				GCC_WARN_64_TO_32_BIT_CONVERSION = YES;
				GCC_WARN_ABOUT_RETURN_TYPE = YES_ERROR;
				GCC_WARN_UNDECLARED_SELECTOR = YES;
				GCC_WARN_UNINITIALIZED_AUTOS = YES_AGGRESSIVE;
				GCC_WARN_UNUSED_FUNCTION = YES;
				GCC_WARN_UNUSED_VARIABLE = YES;
				IPHONEOS_DEPLOYMENT_TARGET = 14.0;
				MTL_ENABLE_DEBUG_INFO = INCLUDE_SOURCE;
				MTL_FAST_MATH = YES;
				ONLY_ACTIVE_ARCH = YES;
				SDKROOT = iphoneos;
				SWIFT_ACTIVE_COMPILATION_CONDITIONS = DEBUG;
				SWIFT_OPTIMIZATION_LEVEL = "-Onone";
			};
			name = Debug;
		};
		62551C54253064FB009C150A /* Release */ = {
			isa = XCBuildConfiguration;
			buildSettings = {
				ALWAYS_SEARCH_USER_PATHS = NO;
				CLANG_ANALYZER_NONNULL = YES;
				CLANG_ANALYZER_NUMBER_OBJECT_CONVERSION = YES_AGGRESSIVE;
				CLANG_CXX_LANGUAGE_STANDARD = "gnu++14";
				CLANG_CXX_LIBRARY = "libc++";
				CLANG_ENABLE_MODULES = YES;
				CLANG_ENABLE_OBJC_ARC = YES;
				CLANG_ENABLE_OBJC_WEAK = YES;
				CLANG_WARN_BLOCK_CAPTURE_AUTORELEASING = YES;
				CLANG_WARN_BOOL_CONVERSION = YES;
				CLANG_WARN_COMMA = YES;
				CLANG_WARN_CONSTANT_CONVERSION = YES;
				CLANG_WARN_DEPRECATED_OBJC_IMPLEMENTATIONS = YES;
				CLANG_WARN_DIRECT_OBJC_ISA_USAGE = YES_ERROR;
				CLANG_WARN_DOCUMENTATION_COMMENTS = YES;
				CLANG_WARN_EMPTY_BODY = YES;
				CLANG_WARN_ENUM_CONVERSION = YES;
				CLANG_WARN_INFINITE_RECURSION = YES;
				CLANG_WARN_INT_CONVERSION = YES;
				CLANG_WARN_NON_LITERAL_NULL_CONVERSION = YES;
				CLANG_WARN_OBJC_IMPLICIT_RETAIN_SELF = YES;
				CLANG_WARN_OBJC_LITERAL_CONVERSION = YES;
				CLANG_WARN_OBJC_ROOT_CLASS = YES_ERROR;
				CLANG_WARN_QUOTED_INCLUDE_IN_FRAMEWORK_HEADER = YES;
				CLANG_WARN_RANGE_LOOP_ANALYSIS = YES;
				CLANG_WARN_STRICT_PROTOTYPES = YES;
				CLANG_WARN_SUSPICIOUS_MOVE = YES;
				CLANG_WARN_UNGUARDED_AVAILABILITY = YES_AGGRESSIVE;
				CLANG_WARN_UNREACHABLE_CODE = YES;
				CLANG_WARN__DUPLICATE_METHOD_MATCH = YES;
				COPY_PHASE_STRIP = NO;
				DEBUG_INFORMATION_FORMAT = "dwarf-with-dsym";
				ENABLE_NS_ASSERTIONS = NO;
				ENABLE_STRICT_OBJC_MSGSEND = YES;
				GCC_C_LANGUAGE_STANDARD = gnu11;
				GCC_NO_COMMON_BLOCKS = YES;
				GCC_WARN_64_TO_32_BIT_CONVERSION = YES;
				GCC_WARN_ABOUT_RETURN_TYPE = YES_ERROR;
				GCC_WARN_UNDECLARED_SELECTOR = YES;
				GCC_WARN_UNINITIALIZED_AUTOS = YES_AGGRESSIVE;
				GCC_WARN_UNUSED_FUNCTION = YES;
				GCC_WARN_UNUSED_VARIABLE = YES;
				IPHONEOS_DEPLOYMENT_TARGET = 14.0;
				MTL_ENABLE_DEBUG_INFO = NO;
				MTL_FAST_MATH = YES;
				SDKROOT = iphoneos;
				SWIFT_COMPILATION_MODE = wholemodule;
				SWIFT_OPTIMIZATION_LEVEL = "-O";
				VALIDATE_PRODUCT = YES;
			};
			name = Release;
		};
		62551C56253064FB009C150A /* Debug */ = {
			isa = XCBuildConfiguration;
			buildSettings = {
				ASSETCATALOG_COMPILER_APPICON_NAME = AppIcon;
				ASSETCATALOG_COMPILER_GLOBAL_ACCENT_COLOR_NAME = AccentColor;
				CODE_SIGN_STYLE = Automatic;
				DEVELOPMENT_TEAM = Q23JLSJCCV;
				INFOPLIST_FILE = binari/Info.plist;
				LD_RUNPATH_SEARCH_PATHS = (
					"$(inherited)",
					"@executable_path/Frameworks",
				);
				PRODUCT_BUNDLE_IDENTIFIER = app.binari;
				PRODUCT_NAME = "$(TARGET_NAME)";
				SWIFT_VERSION = 5.0;
				TARGETED_DEVICE_FAMILY = "1,2";
			};
			name = Debug;
		};
		62551C57253064FB009C150A /* Release */ = {
			isa = XCBuildConfiguration;
			buildSettings = {
				ASSETCATALOG_COMPILER_APPICON_NAME = AppIcon;
				ASSETCATALOG_COMPILER_GLOBAL_ACCENT_COLOR_NAME = AccentColor;
				CODE_SIGN_STYLE = Automatic;
				DEVELOPMENT_TEAM = Q23JLSJCCV;
				INFOPLIST_FILE = binari/Info.plist;
				LD_RUNPATH_SEARCH_PATHS = (
					"$(inherited)",
					"@executable_path/Frameworks",
				);
				PRODUCT_BUNDLE_IDENTIFIER = app.binari;
				PRODUCT_NAME = "$(TARGET_NAME)";
				SWIFT_VERSION = 5.0;
				TARGETED_DEVICE_FAMILY = "1,2";
			};
			name = Release;
		};
/* End XCBuildConfiguration section */

/* Begin XCConfigurationList section */
		62551C39253064F9009C150A /* Build configuration list for PBXProject "binari" */ = {
			isa = XCConfigurationList;
			buildConfigurations = (
				62551C53253064FB009C150A /* Debug */,
				62551C54253064FB009C150A /* Release */,
			);
			defaultConfigurationIsVisible = 0;
			defaultConfigurationName = Release;
		};
		62551C55253064FB009C150A /* Build configuration list for PBXNativeTarget "binari" */ = {
			isa = XCConfigurationList;
			buildConfigurations = (
				62551C56253064FB009C150A /* Debug */,
				62551C57253064FB009C150A /* Release */,
			);
			defaultConfigurationIsVisible = 0;
			defaultConfigurationName = Release;
		};
/* End XCConfigurationList section */

/* Begin XCVersionGroup section */
		62551C4A253064F9009C150A /* binari.xcdatamodeld */ = {
			isa = XCVersionGroup;
			children = (
				62551C4B253064F9009C150A /* binari.xcdatamodel */,
			);
			currentVersion = 62551C4B253064F9009C150A /* binari.xcdatamodel */;
			path = binari.xcdatamodeld;
			sourceTree = "<group>";
			versionGroupType = wrapper.xcdatamodel;
		};
/* End XCVersionGroup section */
	};
	rootObject = 62551C36253064F9009C150A /* Project object */;
}
